
Microsoft Visual Studio Solution File, Format Version 12.00
# Visual Studio Version 16
VisualStudioVersion = 16.0.30621.155
MinimumVisualStudioVersion = 10.0.40219.1
Project("{FAE04EC0-301F-11D3-BF4B-00C04F79EFBC}") = "MyCollection", "MyCollection\MyCollection.csproj", "{EA937D85-00D1-4E6E-9892-8E920F561563}"
EndProject
Global
	GlobalSection(SolutionConfigurationPlatforms) = preSolution
		Debug|Any CPU = Debug|Any CPU
		Release|Any CPU = Release|Any CPU
	EndGlobalSection
	GlobalSection(ProjectConfigurationPlatforms) = postSolution
		{EA937D85-00D1-4E6E-9892-8E920F561563}.Debug|Any CPU.ActiveCfg = Debug|Any CPU
		{EA937D85-00D1-4E6E-9892-8E920F561563}.Debug|Any CPU.Build.0 = Debug|Any CPU
		{EA937D85-00D1-4E6E-9892-8E920F561563}.Release|Any CPU.ActiveCfg = Release|Any CPU
		{EA937D85-00D1-4E6E-9892-8E920F561563}.Release|Any CPU.Build.0 = Release|Any CPU
	EndGlobalSection
	GlobalSection(SolutionProperties) = preSolution
		HideSolutionNode = FALSE
	EndGlobalSection
	GlobalSection(ExtensibilityGlobals) = postSolution
		SolutionGuid = {598B8399-FB46-42D2-AE0C-7F669B6A3614}
	EndGlobalSection
EndGlobal
